
Microsoft Visual Studio Solution File, Format Version 12.00
# Visual Studio Version 17
VisualStudioVersion = 17.5.33530.505
MinimumVisualStudioVersion = 10.0.40219.1
Project("{FAE04EC0-301F-11D3-BF4B-00C04F79EFBC}") = "eTicket-webapp", "eTicket-webapp.csproj", "{F1381F41-0CA4-450F-B9EF-69B0A6BE0597}"
EndProject
Global
	GlobalSection(SolutionConfigurationPlatforms) = preSolution
		Debug|Any CPU = Debug|Any CPU
		Release|Any CPU = Release|Any CPU
	EndGlobalSection
	GlobalSection(ProjectConfigurationPlatforms) = postSolution
		{F1381F41-0CA4-450F-B9EF-69B0A6BE0597}.Debug|Any CPU.ActiveCfg = Debug|Any CPU
		{F1381F41-0CA4-450F-B9EF-69B0A6BE0597}.Debug|Any CPU.Build.0 = Debug|Any CPU
		{F1381F41-0CA4-450F-B9EF-69B0A6BE0597}.Release|Any CPU.ActiveCfg = Release|Any CPU
		{F1381F41-0CA4-450F-B9EF-69B0A6BE0597}.Release|Any CPU.Build.0 = Release|Any CPU
	EndGlobalSection
	GlobalSection(SolutionProperties) = preSolution
		HideSolutionNode = FALSE
	EndGlobalSection
	GlobalSection(ExtensibilityGlobals) = postSolution
		SolutionGuid = {4C162711-0837-486A-90EA-853FC0F131EC}
	EndGlobalSection
EndGlobal
